// !$*UTF8*$!
{
	archiveVersion = 1;
	classes = {
	};
	objectVersion = 50;
	objects = {

/* Begin PBXBuildFile section */
		632754762372AE290068CCE5 /* AppDelegate.m in Sources */ = {isa = PBXBuildFile; fileRef = 632754752372AE290068CCE5 /* AppDelegate.m */; };
		632754792372AE290068CCE5 /* SceneDelegate.m in Sources */ = {isa = PBXBuildFile; fileRef = 632754782372AE290068CCE5 /* SceneDelegate.m */; };
		6327547C2372AE290068CCE5 /* ViewController.m in Sources */ = {isa = PBXBuildFile; fileRef = 6327547B2372AE290068CCE5 /* ViewController.m */; };
		6327547F2372AE290068CCE5 /* Main.storyboard in Resources */ = {isa = PBXBuildFile; fileRef = 6327547D2372AE290068CCE5 /* Main.storyboard */; };
		632754812372AE2A0068CCE5 /* Assets.xcassets in Resources */ = {isa = PBXBuildFile; fileRef = 632754802372AE2A0068CCE5 /* Assets.xcassets */; };
		632754842372AE2A0068CCE5 /* LaunchScreen.storyboard in Resources */ = {isa = PBXBuildFile; fileRef = 632754822372AE2A0068CCE5 /* LaunchScreen.storyboard */; };
		632754872372AE2A0068CCE5 /* main.m in Sources */ = {isa = PBXBuildFile; fileRef = 632754862372AE2A0068CCE5 /* main.m */; };
		632754912372B04A0068CCE5 /* DL3DRatateView.m in Sources */ = {isa = PBXBuildFile; fileRef = 632754902372B04A0068CCE5 /* DL3DRatateView.m */; };
/* End PBXBuildFile section */

/* Begin PBXFileReference section */
		632754712372AE290068CCE5 /* DL3DRotate.app */ = {isa = PBXFileReference; explicitFileType = wrapper.application; includeInIndex = 0; path = DL3DRotate.app; sourceTree = BUILT_PRODUCTS_DIR; };
		632754742372AE290068CCE5 /* AppDelegate.h */ = {isa = PBXFileReference; lastKnownFileType = sourcecode.c.h; path = AppDelegate.h; sourceTree = "<group>"; };
		632754752372AE290068CCE5 /* AppDelegate.m */ = {isa = PBXFileReference; lastKnownFileType = sourcecode.c.objc; path = AppDelegate.m; sourceTree = "<group>"; };
		632754772372AE290068CCE5 /* SceneDelegate.h */ = {isa = PBXFileReference; lastKnownFileType = sourcecode.c.h; path = SceneDelegate.h; sourceTree = "<group>"; };
		632754782372AE290068CCE5 /* SceneDelegate.m */ = {isa = PBXFileReference; lastKnownFileType = sourcecode.c.objc; path = SceneDelegate.m; sourceTree = "<group>"; };
		6327547A2372AE290068CCE5 /* ViewController.h */ = {isa = PBXFileReference; lastKnownFileType = sourcecode.c.h; path = ViewController.h; sourceTree = "<group>"; };
		6327547B2372AE290068CCE5 /* ViewController.m */ = {isa = PBXFileReference; lastKnownFileType = sourcecode.c.objc; path = ViewController.m; sourceTree = "<group>"; };
		6327547E2372AE290068CCE5 /* Base */ = {isa = PBXFileReference; lastKnownFileType = file.storyboard; name = Base; path = Base.lproj/Main.storyboard; sourceTree = "<group>"; };
		632754802372AE2A0068CCE5 /* Assets.xcassets */ = {isa = PBXFileReference; lastKnownFileType = folder.assetcatalog; path = Assets.xcassets; sourceTree = "<group>"; };
		632754832372AE2A0068CCE5 /* Base */ = {isa = PBXFileReference; lastKnownFileType = file.storyboard; name = Base; path = Base.lproj/LaunchScreen.storyboard; sourceTree = "<group>"; };
		632754852372AE2A0068CCE5 /* Info.plist */ = {isa = PBXFileReference; lastKnownFileType = text.plist.xml; path = Info.plist; sourceTree = "<group>"; };
		632754862372AE2A0068CCE5 /* main.m */ = {isa = PBXFileReference; lastKnownFileType = sourcecode.c.objc; path = main.m; sourceTree = "<group>"; };
		6327548F2372B04A0068CCE5 /* DL3DRatateView.h */ = {isa = PBXFileReference; lastKnownFileType = sourcecode.c.h; path = DL3DRatateView.h; sourceTree = "<group>"; };
		632754902372B04A0068CCE5 /* DL3DRatateView.m */ = {isa = PBXFileReference; lastKnownFileType = sourcecode.c.objc; path = DL3DRatateView.m; sourceTree = "<group>"; };
/* End PBXFileReference section */

/* Begin PBXFrameworksBuildPhase section */
		6327546E2372AE290068CCE5 /* Frameworks */ = {
			isa = PBXFrameworksBuildPhase;
			buildActionMask = 2147483647;
			files = (
			);
			runOnlyForDeploymentPostprocessing = 0;
		};
/* End PBXFrameworksBuildPhase section */

/* Begin PBXGroup section */
		632754682372AE290068CCE5 = {
			isa = PBXGroup;
			children = (
				632754732372AE290068CCE5 /* DL3DRotate */,
				632754722372AE290068CCE5 /* Products */,
			);
			sourceTree = "<group>";
		};
		632754722372AE290068CCE5 /* Products */ = {
			isa = PBXGroup;
			children = (
				632754712372AE290068CCE5 /* DL3DRotate.app */,
			);
			name = Products;
			sourceTree = "<group>";
		};
		632754732372AE290068CCE5 /* DL3DRotate */ = {
			isa = PBXGroup;
			children = (
				6327548E2372B0320068CCE5 /* 3DRotate */,
				632754742372AE290068CCE5 /* AppDelegate.h */,
				632754752372AE290068CCE5 /* AppDelegate.m */,
				632754772372AE290068CCE5 /* SceneDelegate.h */,
				632754782372AE290068CCE5 /* SceneDelegate.m */,
				6327547A2372AE290068CCE5 /* ViewController.h */,
				6327547B2372AE290068CCE5 /* ViewController.m */,
				6327547D2372AE290068CCE5 /* Main.storyboard */,
				632754802372AE2A0068CCE5 /* Assets.xcassets */,
				632754822372AE2A0068CCE5 /* LaunchScreen.storyboard */,
				632754852372AE2A0068CCE5 /* Info.plist */,
				632754862372AE2A0068CCE5 /* main.m */,
			);
			path = DL3DRotate;
			sourceTree = "<group>";
		};
		6327548E2372B0320068CCE5 /* 3DRotate */ = {
			isa = PBXGroup;
			children = (
				6327548F2372B04A0068CCE5 /* DL3DRatateView.h */,
				632754902372B04A0068CCE5 /* DL3DRatateView.m */,
			);
			path = 3DRotate;
			sourceTree = "<group>";
		};
/* End PBXGroup section */

/* Begin PBXNativeTarget section */
		632754702372AE290068CCE5 /* DL3DRotate */ = {
			isa = PBXNativeTarget;
			buildConfigurationList = 6327548A2372AE2A0068CCE5 /* Build configuration list for PBXNativeTarget "DL3DRotate" */;
			buildPhases = (
				6327546D2372AE290068CCE5 /* Sources */,
				6327546E2372AE290068CCE5 /* Frameworks */,
				6327546F2372AE290068CCE5 /* Resources */,
			);
			buildRules = (
			);
			dependencies = (
			);
			name = DL3DRotate;
			productName = DL3DRotate;
			productReference = 632754712372AE290068CCE5 /* DL3DRotate.app */;
			productType = "com.apple.product-type.application";
		};
/* End PBXNativeTarget section */

/* Begin PBXProject section */
		632754692372AE290068CCE5 /* Project object */ = {
			isa = PBXProject;
			attributes = {
				LastUpgradeCheck = 1110;
				ORGANIZATIONNAME = David;
				TargetAttributes = {
					632754702372AE290068CCE5 = {
						CreatedOnToolsVersion = 11.1;
					};
				};
			};
			buildConfigurationList = 6327546C2372AE290068CCE5 /* Build configuration list for PBXProject "DL3DRotate" */;
			compatibilityVersion = "Xcode 9.3";
			developmentRegion = en;
			hasScannedForEncodings = 0;
			knownRegions = (
				en,
				Base,
			);
			mainGroup = 632754682372AE290068CCE5;
			productRefGroup = 632754722372AE290068CCE5 /* Products */;
			projectDirPath = "";
			projectRoot = "";
			targets = (
				632754702372AE290068CCE5 /* DL3DRotate */,
			);
		};
/* End PBXProject section */

/* Begin PBXResourcesBuildPhase section */
		6327546F2372AE290068CCE5 /* Resources */ = {
			isa = PBXResourcesBuildPhase;
			buildActionMask = 2147483647;
			files = (
				632754842372AE2A0068CCE5 /* LaunchScreen.storyboard in Resources */,
				632754812372AE2A0068CCE5 /* Assets.xcassets in Resources */,
				6327547F2372AE290068CCE5 /* Main.storyboard in Resources */,
			);
			runOnlyForDeploymentPostprocessing = 0;
		};
/* End PBXResourcesBuildPhase section */

/* Begin PBXSourcesBuildPhase section */
		6327546D2372AE290068CCE5 /* Sources */ = {
			isa = PBXSourcesBuildPhase;
			buildActionMask = 2147483647;
			files = (
				6327547C2372AE290068CCE5 /* ViewController.m in Sources */,
				632754762372AE290068CCE5 /* AppDelegate.m in Sources */,
				632754872372AE2A0068CCE5 /* main.m in Sources */,
				632754912372B04A0068CCE5 /* DL3DRatateView.m in Sources */,
				632754792372AE290068CCE5 /* SceneDelegate.m in Sources */,
			);
			runOnlyForDeploymentPostprocessing = 0;
		};
/* End PBXSourcesBuildPhase section */

/* Begin PBXVariantGroup section */
		6327547D2372AE290068CCE5 /* Main.storyboard */ = {
			isa = PBXVariantGroup;
			children = (
				6327547E2372AE290068CCE5 /* Base */,
			);
			name = Main.storyboard;
			sourceTree = "<group>";
		};
		632754822372AE2A0068CCE5 /* LaunchScreen.storyboard */ = {
			isa = PBXVariantGroup;
			children = (
				632754832372AE2A0068CCE5 /* Base */,
			);
			name = LaunchScreen.storyboard;
			sourceTree = "<group>";
		};
/* End PBXVariantGroup section */

/* Begin XCBuildConfiguration section */
		632754882372AE2A0068CCE5 /* Debug */ = {
			isa = XCBuildConfiguration;
			buildSettings = {
				ALWAYS_SEARCH_USER_PATHS = NO;
				CLANG_ANALYZER_NONNULL = YES;
				CLANG_ANALYZER_NUMBER_OBJECT_CONVERSION = YES_AGGRESSIVE;
				CLANG_CXX_LANGUAGE_STANDARD = "gnu++14";
				CLANG_CXX_LIBRARY = "libc++";
				CLANG_ENABLE_MODULES = YES;
				CLANG_ENABLE_OBJC_ARC = YES;
				CLANG_ENABLE_OBJC_WEAK = YES;
				CLANG_WARN_BLOCK_CAPTURE_AUTORELEASING = YES;
				CLANG_WARN_BOOL_CONVERSION = YES;
				CLANG_WARN_COMMA = YES;
				CLANG_WARN_CONSTANT_CONVERSION = YES;
				CLANG_WARN_DEPRECATED_OBJC_IMPLEMENTATIONS = YES;
				CLANG_WARN_DIRECT_OBJC_ISA_USAGE = YES_ERROR;
				CLANG_WARN_DOCUMENTATION_COMMENTS = YES;
				CLANG_WARN_EMPTY_BODY = YES;
				CLANG_WARN_ENUM_CONVERSION = YES;
				CLANG_WARN_INFINITE_RECURSION = YES;
				CLANG_WARN_INT_CONVERSION = YES;
				CLANG_WARN_NON_LITERAL_NULL_CONVERSION = YES;
				CLANG_WARN_OBJC_IMPLICIT_RETAIN_SELF = YES;
				CLANG_WARN_OBJC_LITERAL_CONVERSION = YES;
				CLANG_WARN_OBJC_ROOT_CLASS = YES_ERROR;
				CLANG_WARN_RANGE_LOOP_ANALYSIS = YES;
				CLANG_WARN_STRICT_PROTOTYPES = YES;
				CLANG_WARN_SUSPICIOUS_MOVE = YES;
				CLANG_WARN_UNGUARDED_AVAILABILITY = YES_AGGRESSIVE;
				CLANG_WARN_UNREACHABLE_CODE = YES;
				CLANG_WARN__DUPLICATE_METHOD_MATCH = YES;
				COPY_PHASE_STRIP = NO;
				DEBUG_INFORMATION_FORMAT = dwarf;
				ENABLE_STRICT_OBJC_MSGSEND = YES;
				ENABLE_TESTABILITY = YES;
				GCC_C_LANGUAGE_STANDARD = gnu11;
				GCC_DYNAMIC_NO_PIC = NO;
				GCC_NO_COMMON_BLOCKS = YES;
				GCC_OPTIMIZATION_LEVEL = 0;
				GCC_PREPROCESSOR_DEFINITIONS = (
					"DEBUG=1",
					"$(inherited)",
				);
				GCC_WARN_64_TO_32_BIT_CONVERSION = YES;
				GCC_WARN_ABOUT_RETURN_TYPE = YES_ERROR;
				GCC_WARN_UNDECLARED_SELECTOR = YES;
				GCC_WARN_UNINITIALIZED_AUTOS = YES_AGGRESSIVE;
				GCC_WARN_UNUSED_FUNCTION = YES;
				GCC_WARN_UNUSED_VARIABLE = YES;
				IPHONEOS_DEPLOYMENT_TARGET = 13.1;
				MTL_ENABLE_DEBUG_INFO = INCLUDE_SOURCE;
				MTL_FAST_MATH = YES;
				ONLY_ACTIVE_ARCH = YES;
				SDKROOT = iphoneos;
			};
			name = Debug;
		};
		632754892372AE2A0068CCE5 /* Release */ = {
			isa = XCBuildConfiguration;
			buildSettings = {
				ALWAYS_SEARCH_USER_PATHS = NO;
				CLANG_ANALYZER_NONNULL = YES;
				CLANG_ANALYZER_NUMBER_OBJECT_CONVERSION = YES_AGGRESSIVE;
				CLANG_CXX_LANGUAGE_STANDARD = "gnu++14";
				CLANG_CXX_LIBRARY = "libc++";
				CLANG_ENABLE_MODULES = YES;
				CLANG_ENABLE_OBJC_ARC = YES;
				CLANG_ENABLE_OBJC_WEAK = YES;
				CLANG_WARN_BLOCK_CAPTURE_AUTORELEASING = YES;
				CLANG_WARN_BOOL_CONVERSION = YES;
				CLANG_WARN_COMMA = YES;
				CLANG_WARN_CONSTANT_CONVERSION = YES;
				CLANG_WARN_DEPRECATED_OBJC_IMPLEMENTATIONS = YES;
				CLANG_WARN_DIRECT_OBJC_ISA_USAGE = YES_ERROR;
				CLANG_WARN_DOCUMENTATION_COMMENTS = YES;
				CLANG_WARN_EMPTY_BODY = YES;
				CLANG_WARN_ENUM_CONVERSION = YES;
				CLANG_WARN_INFINITE_RECURSION = YES;
				CLANG_WARN_INT_CONVERSION = YES;
				CLANG_WARN_NON_LITERAL_NULL_CONVERSION = YES;
				CLANG_WARN_OBJC_IMPLICIT_RETAIN_SELF = YES;
				CLANG_WARN_OBJC_LITERAL_CONVERSION = YES;
				CLANG_WARN_OBJC_ROOT_CLASS = YES_ERROR;
				CLANG_WARN_RANGE_LOOP_ANALYSIS = YES;
				CLANG_WARN_STRICT_PROTOTYPES = YES;
				CLANG_WARN_SUSPICIOUS_MOVE = YES;
				CLANG_WARN_UNGUARDED_AVAILABILITY = YES_AGGRESSIVE;
				CLANG_WARN_UNREACHABLE_CODE = YES;
				CLANG_WARN__DUPLICATE_METHOD_MATCH = YES;
				COPY_PHASE_STRIP = NO;
				DEBUG_INFORMATION_FORMAT = "dwarf-with-dsym";
				ENABLE_NS_ASSERTIONS = NO;
				ENABLE_STRICT_OBJC_MSGSEND = YES;
				GCC_C_LANGUAGE_STANDARD = gnu11;
				GCC_NO_COMMON_BLOCKS = YES;
				GCC_WARN_64_TO_32_BIT_CONVERSION = YES;
				GCC_WARN_ABOUT_RETURN_TYPE = YES_ERROR;
				GCC_WARN_UNDECLARED_SELECTOR = YES;
				GCC_WARN_UNINITIALIZED_AUTOS = YES_AGGRESSIVE;
				GCC_WARN_UNUSED_FUNCTION = YES;
				GCC_WARN_UNUSED_VARIABLE = YES;
				IPHONEOS_DEPLOYMENT_TARGET = 13.1;
				MTL_ENABLE_DEBUG_INFO = NO;
				MTL_FAST_MATH = YES;
				SDKROOT = iphoneos;
				VALIDATE_PRODUCT = YES;
			};
			name = Release;
		};
		6327548B2372AE2A0068CCE5 /* Debug */ = {
			isa = XCBuildConfiguration;
			buildSettings = {
				ASSETCATALOG_COMPILER_APPICON_NAME = AppIcon;
				CODE_SIGN_STYLE = Automatic;
				DEVELOPMENT_TEAM = LN7UHJEGQE;
				INFOPLIST_FILE = DL3DRotate/Info.plist;
				LD_RUNPATH_SEARCH_PATHS = (
					"$(inherited)",
					"@executable_path/Frameworks",
				);
				PRODUCT_BUNDLE_IDENTIFIER = com.davidlee.dlcurverefresh.DL3DRotate;
				PRODUCT_NAME = "$(TARGET_NAME)";
				TARGETED_DEVICE_FAMILY = "1,2";
			};
			name = Debug;
		};
		6327548C2372AE2A0068CCE5 /* Release */ = {
			isa = XCBuildConfiguration;
			buildSettings = {
				ASSETCATALOG_COMPILER_APPICON_NAME = AppIcon;
				CODE_SIGN_STYLE = Automatic;
				DEVELOPMENT_TEAM = LN7UHJEGQE;
				INFOPLIST_FILE = DL3DRotate/Info.plist;
				LD_RUNPATH_SEARCH_PATHS = (
					"$(inherited)",
					"@executable_path/Frameworks",
				);
				PRODUCT_BUNDLE_IDENTIFIER = com.davidlee.dlcurverefresh.DL3DRotate;
				PRODUCT_NAME = "$(TARGET_NAME)";
				TARGETED_DEVICE_FAMILY = "1,2";
			};
			name = Release;
		};
/* End XCBuildConfiguration section */

/* Begin XCConfigurationList section */
		6327546C2372AE290068CCE5 /* Build configuration list for PBXProject "DL3DRotate" */ = {
			isa = XCConfigurationList;
			buildConfigurations = (
				632754882372AE2A0068CCE5 /* Debug */,
				632754892372AE2A0068CCE5 /* Release */,
			);
			defaultConfigurationIsVisible = 0;
			defaultConfigurationName = Release;
		};
		6327548A2372AE2A0068CCE5 /* Build configuration list for PBXNativeTarget "DL3DRotate" */ = {
			isa = XCConfigurationList;
			buildConfigurations = (
				6327548B2372AE2A0068CCE5 /* Debug */,
				6327548C2372AE2A0068CCE5 /* Release */,
			);
			defaultConfigurationIsVisible = 0;
			defaultConfigurationName = Release;
		};
/* End XCConfigurationList section */
	};
	rootObject = 632754692372AE290068CCE5 /* Project object */;
}
