// !$*UTF8*$!
{
	archiveVersion = 1;
	classes = {
	};
	objectVersion = 48;
	objects = {

/* Begin PBXBuildFile section */
		6363E7F71F9381AE003C5146 /* AppDelegate.m in Sources */ = {isa = PBXBuildFile; fileRef = 6363E7F61F9381AE003C5146 /* AppDelegate.m */; };
		6363E7FA1F9381AE003C5146 /* ViewController.m in Sources */ = {isa = PBXBuildFile; fileRef = 6363E7F91F9381AE003C5146 /* ViewController.m */; };
		6363E7FD1F9381AE003C5146 /* Main.storyboard in Resources */ = {isa = PBXBuildFile; fileRef = 6363E7FB1F9381AE003C5146 /* Main.storyboard */; };
		6363E7FF1F9381AE003C5146 /* Assets.xcassets in Resources */ = {isa = PBXBuildFile; fileRef = 6363E7FE1F9381AE003C5146 /* Assets.xcassets */; };
		6363E8021F9381AE003C5146 /* LaunchScreen.storyboard in Resources */ = {isa = PBXBuildFile; fileRef = 6363E8001F9381AE003C5146 /* LaunchScreen.storyboard */; };
		6363E8051F9381AE003C5146 /* main.m in Sources */ = {isa = PBXBuildFile; fileRef = 6363E8041F9381AE003C5146 /* main.m */; };
/* End PBXBuildFile section */

/* Begin PBXFileReference section */
		6363E7F21F9381AE003C5146 /* DLTwitterLaunchAnimation.app */ = {isa = PBXFileReference; explicitFileType = wrapper.application; includeInIndex = 0; path = DLTwitterLaunchAnimation.app; sourceTree = BUILT_PRODUCTS_DIR; };
		6363E7F51F9381AE003C5146 /* AppDelegate.h */ = {isa = PBXFileReference; lastKnownFileType = sourcecode.c.h; path = AppDelegate.h; sourceTree = "<group>"; };
		6363E7F61F9381AE003C5146 /* AppDelegate.m */ = {isa = PBXFileReference; lastKnownFileType = sourcecode.c.objc; path = AppDelegate.m; sourceTree = "<group>"; };
		6363E7F81F9381AE003C5146 /* ViewController.h */ = {isa = PBXFileReference; lastKnownFileType = sourcecode.c.h; path = ViewController.h; sourceTree = "<group>"; };
		6363E7F91F9381AE003C5146 /* ViewController.m */ = {isa = PBXFileReference; lastKnownFileType = sourcecode.c.objc; path = ViewController.m; sourceTree = "<group>"; };
		6363E7FC1F9381AE003C5146 /* Base */ = {isa = PBXFileReference; lastKnownFileType = file.storyboard; name = Base; path = Base.lproj/Main.storyboard; sourceTree = "<group>"; };
		6363E7FE1F9381AE003C5146 /* Assets.xcassets */ = {isa = PBXFileReference; lastKnownFileType = folder.assetcatalog; path = Assets.xcassets; sourceTree = "<group>"; };
		6363E8011F9381AE003C5146 /* Base */ = {isa = PBXFileReference; lastKnownFileType = file.storyboard; name = Base; path = Base.lproj/LaunchScreen.storyboard; sourceTree = "<group>"; };
		6363E8031F9381AE003C5146 /* Info.plist */ = {isa = PBXFileReference; lastKnownFileType = text.plist.xml; path = Info.plist; sourceTree = "<group>"; };
		6363E8041F9381AE003C5146 /* main.m */ = {isa = PBXFileReference; lastKnownFileType = sourcecode.c.objc; path = main.m; sourceTree = "<group>"; };
/* End PBXFileReference section */

/* Begin PBXFrameworksBuildPhase section */
		6363E7EF1F9381AE003C5146 /* Frameworks */ = {
			isa = PBXFrameworksBuildPhase;
			buildActionMask = 2147483647;
			files = (
			);
			runOnlyForDeploymentPostprocessing = 0;
		};
/* End PBXFrameworksBuildPhase section */

/* Begin PBXGroup section */
		6363E7E91F9381AE003C5146 = {
			isa = PBXGroup;
			children = (
				6363E7F41F9381AE003C5146 /* DLTwitterLaunchAnimation */,
				6363E7F31F9381AE003C5146 /* Products */,
			);
			sourceTree = "<group>";
		};
		6363E7F31F9381AE003C5146 /* Products */ = {
			isa = PBXGroup;
			children = (
				6363E7F21F9381AE003C5146 /* DLTwitterLaunchAnimation.app */,
			);
			name = Products;
			sourceTree = "<group>";
		};
		6363E7F41F9381AE003C5146 /* DLTwitterLaunchAnimation */ = {
			isa = PBXGroup;
			children = (
				6363E7F51F9381AE003C5146 /* AppDelegate.h */,
				6363E7F61F9381AE003C5146 /* AppDelegate.m */,
				6363E7F81F9381AE003C5146 /* ViewController.h */,
				6363E7F91F9381AE003C5146 /* ViewController.m */,
				6363E7FB1F9381AE003C5146 /* Main.storyboard */,
				6363E7FE1F9381AE003C5146 /* Assets.xcassets */,
				6363E8001F9381AE003C5146 /* LaunchScreen.storyboard */,
				6363E8031F9381AE003C5146 /* Info.plist */,
				6363E8041F9381AE003C5146 /* main.m */,
			);
			path = DLTwitterLaunchAnimation;
			sourceTree = "<group>";
		};
/* End PBXGroup section */

/* Begin PBXNativeTarget section */
		6363E7F11F9381AE003C5146 /* DLTwitterLaunchAnimation */ = {
			isa = PBXNativeTarget;
			buildConfigurationList = 6363E8081F9381AE003C5146 /* Build configuration list for PBXNativeTarget "DLTwitterLaunchAnimation" */;
			buildPhases = (
				6363E7EE1F9381AE003C5146 /* Sources */,
				6363E7EF1F9381AE003C5146 /* Frameworks */,
				6363E7F01F9381AE003C5146 /* Resources */,
			);
			buildRules = (
			);
			dependencies = (
			);
			name = DLTwitterLaunchAnimation;
			productName = DLTwitterLaunchAnimation;
			productReference = 6363E7F21F9381AE003C5146 /* DLTwitterLaunchAnimation.app */;
			productType = "com.apple.product-type.application";
		};
/* End PBXNativeTarget section */

/* Begin PBXProject section */
		6363E7EA1F9381AE003C5146 /* Project object */ = {
			isa = PBXProject;
			attributes = {
				LastUpgradeCheck = 0900;
				ORGANIZATIONNAME = FT_David;
				TargetAttributes = {
					6363E7F11F9381AE003C5146 = {
						CreatedOnToolsVersion = 9.0;
						ProvisioningStyle = Automatic;
					};
				};
			};
			buildConfigurationList = 6363E7ED1F9381AE003C5146 /* Build configuration list for PBXProject "DLTwitterLaunchAnimation" */;
			compatibilityVersion = "Xcode 8.0";
			developmentRegion = en;
			hasScannedForEncodings = 0;
			knownRegions = (
				en,
				Base,
			);
			mainGroup = 6363E7E91F9381AE003C5146;
			productRefGroup = 6363E7F31F9381AE003C5146 /* Products */;
			projectDirPath = "";
			projectRoot = "";
			targets = (
				6363E7F11F9381AE003C5146 /* DLTwitterLaunchAnimation */,
			);
		};
/* End PBXProject section */

/* Begin PBXResourcesBuildPhase section */
		6363E7F01F9381AE003C5146 /* Resources */ = {
			isa = PBXResourcesBuildPhase;
			buildActionMask = 2147483647;
			files = (
				6363E8021F9381AE003C5146 /* LaunchScreen.storyboard in Resources */,
				6363E7FF1F9381AE003C5146 /* Assets.xcassets in Resources */,
				6363E7FD1F9381AE003C5146 /* Main.storyboard in Resources */,
			);
			runOnlyForDeploymentPostprocessing = 0;
		};
/* End PBXResourcesBuildPhase section */

/* Begin PBXSourcesBuildPhase section */
		6363E7EE1F9381AE003C5146 /* Sources */ = {
			isa = PBXSourcesBuildPhase;
			buildActionMask = 2147483647;
			files = (
				6363E7FA1F9381AE003C5146 /* ViewController.m in Sources */,
				6363E8051F9381AE003C5146 /* main.m in Sources */,
				6363E7F71F9381AE003C5146 /* AppDelegate.m in Sources */,
			);
			runOnlyForDeploymentPostprocessing = 0;
		};
/* End PBXSourcesBuildPhase section */

/* Begin PBXVariantGroup section */
		6363E7FB1F9381AE003C5146 /* Main.storyboard */ = {
			isa = PBXVariantGroup;
			children = (
				6363E7FC1F9381AE003C5146 /* Base */,
			);
			name = Main.storyboard;
			sourceTree = "<group>";
		};
		6363E8001F9381AE003C5146 /* LaunchScreen.storyboard */ = {
			isa = PBXVariantGroup;
			children = (
				6363E8011F9381AE003C5146 /* Base */,
			);
			name = LaunchScreen.storyboard;
			sourceTree = "<group>";
		};
/* End PBXVariantGroup section */

/* Begin XCBuildConfiguration section */
		6363E8061F9381AE003C5146 /* Debug */ = {
			isa = XCBuildConfiguration;
			buildSettings = {
				ALWAYS_SEARCH_USER_PATHS = NO;
				CLANG_ANALYZER_NONNULL = YES;
				CLANG_ANALYZER_NUMBER_OBJECT_CONVERSION = YES_AGGRESSIVE;
				CLANG_CXX_LANGUAGE_STANDARD = "gnu++14";
				CLANG_CXX_LIBRARY = "libc++";
				CLANG_ENABLE_MODULES = YES;
				CLANG_ENABLE_OBJC_ARC = YES;
				CLANG_WARN_BLOCK_CAPTURE_AUTORELEASING = YES;
				CLANG_WARN_BOOL_CONVERSION = YES;
				CLANG_WARN_COMMA = YES;
				CLANG_WARN_CONSTANT_CONVERSION = YES;
				CLANG_WARN_DIRECT_OBJC_ISA_USAGE = YES_ERROR;
				CLANG_WARN_DOCUMENTATION_COMMENTS = YES;
				CLANG_WARN_EMPTY_BODY = YES;
				CLANG_WARN_ENUM_CONVERSION = YES;
				CLANG_WARN_INFINITE_RECURSION = YES;
				CLANG_WARN_INT_CONVERSION = YES;
				CLANG_WARN_NON_LITERAL_NULL_CONVERSION = YES;
				CLANG_WARN_OBJC_LITERAL_CONVERSION = YES;
				CLANG_WARN_OBJC_ROOT_CLASS = YES_ERROR;
				CLANG_WARN_RANGE_LOOP_ANALYSIS = YES;
				CLANG_WARN_STRICT_PROTOTYPES = YES;
				CLANG_WARN_SUSPICIOUS_MOVE = YES;
				CLANG_WARN_UNGUARDED_AVAILABILITY = YES_AGGRESSIVE;
				CLANG_WARN_UNREACHABLE_CODE = YES;
				CLANG_WARN__DUPLICATE_METHOD_MATCH = YES;
				CODE_SIGN_IDENTITY = "iPhone Developer";
				COPY_PHASE_STRIP = NO;
				DEBUG_INFORMATION_FORMAT = dwarf;
				ENABLE_STRICT_OBJC_MSGSEND = YES;
				ENABLE_TESTABILITY = YES;
				GCC_C_LANGUAGE_STANDARD = gnu11;
				GCC_DYNAMIC_NO_PIC = NO;
				GCC_NO_COMMON_BLOCKS = YES;
				GCC_OPTIMIZATION_LEVEL = 0;
				GCC_PREPROCESSOR_DEFINITIONS = (
					"DEBUG=1",
					"$(inherited)",
				);
				GCC_WARN_64_TO_32_BIT_CONVERSION = YES;
				GCC_WARN_ABOUT_RETURN_TYPE = YES_ERROR;
				GCC_WARN_UNDECLARED_SELECTOR = YES;
				GCC_WARN_UNINITIALIZED_AUTOS = YES_AGGRESSIVE;
				GCC_WARN_UNUSED_FUNCTION = YES;
				GCC_WARN_UNUSED_VARIABLE = YES;
				IPHONEOS_DEPLOYMENT_TARGET = 11.0;
				MTL_ENABLE_DEBUG_INFO = YES;
				ONLY_ACTIVE_ARCH = YES;
				SDKROOT = iphoneos;
			};
			name = Debug;
		};
		6363E8071F9381AE003C5146 /* Release */ = {
			isa = XCBuildConfiguration;
			buildSettings = {
				ALWAYS_SEARCH_USER_PATHS = NO;
				CLANG_ANALYZER_NONNULL = YES;
				CLANG_ANALYZER_NUMBER_OBJECT_CONVERSION = YES_AGGRESSIVE;
				CLANG_CXX_LANGUAGE_STANDARD = "gnu++14";
				CLANG_CXX_LIBRARY = "libc++";
				CLANG_ENABLE_MODULES = YES;
				CLANG_ENABLE_OBJC_ARC = YES;
				CLANG_WARN_BLOCK_CAPTURE_AUTORELEASING = YES;
				CLANG_WARN_BOOL_CONVERSION = YES;
				CLANG_WARN_COMMA = YES;
				CLANG_WARN_CONSTANT_CONVERSION = YES;
				CLANG_WARN_DIRECT_OBJC_ISA_USAGE = YES_ERROR;
				CLANG_WARN_DOCUMENTATION_COMMENTS = YES;
				CLANG_WARN_EMPTY_BODY = YES;
				CLANG_WARN_ENUM_CONVERSION = YES;
				CLANG_WARN_INFINITE_RECURSION = YES;
				CLANG_WARN_INT_CONVERSION = YES;
				CLANG_WARN_NON_LITERAL_NULL_CONVERSION = YES;
				CLANG_WARN_OBJC_LITERAL_CONVERSION = YES;
				CLANG_WARN_OBJC_ROOT_CLASS = YES_ERROR;
				CLANG_WARN_RANGE_LOOP_ANALYSIS = YES;
				CLANG_WARN_STRICT_PROTOTYPES = YES;
				CLANG_WARN_SUSPICIOUS_MOVE = YES;
				CLANG_WARN_UNGUARDED_AVAILABILITY = YES_AGGRESSIVE;
				CLANG_WARN_UNREACHABLE_CODE = YES;
				CLANG_WARN__DUPLICATE_METHOD_MATCH = YES;
				CODE_SIGN_IDENTITY = "iPhone Developer";
				COPY_PHASE_STRIP = NO;
				DEBUG_INFORMATION_FORMAT = "dwarf-with-dsym";
				ENABLE_NS_ASSERTIONS = NO;
				ENABLE_STRICT_OBJC_MSGSEND = YES;
				GCC_C_LANGUAGE_STANDARD = gnu11;
				GCC_NO_COMMON_BLOCKS = YES;
				GCC_WARN_64_TO_32_BIT_CONVERSION = YES;
				GCC_WARN_ABOUT_RETURN_TYPE = YES_ERROR;
				GCC_WARN_UNDECLARED_SELECTOR = YES;
				GCC_WARN_UNINITIALIZED_AUTOS = YES_AGGRESSIVE;
				GCC_WARN_UNUSED_FUNCTION = YES;
				GCC_WARN_UNUSED_VARIABLE = YES;
				IPHONEOS_DEPLOYMENT_TARGET = 11.0;
				MTL_ENABLE_DEBUG_INFO = NO;
				SDKROOT = iphoneos;
				VALIDATE_PRODUCT = YES;
			};
			name = Release;
		};
		6363E8091F9381AE003C5146 /* Debug */ = {
			isa = XCBuildConfiguration;
			buildSettings = {
				ASSETCATALOG_COMPILER_APPICON_NAME = AppIcon;
				CODE_SIGN_STYLE = Automatic;
				DEVELOPMENT_TEAM = LN7UHJEGQE;
				INFOPLIST_FILE = DLTwitterLaunchAnimation/Info.plist;
				LD_RUNPATH_SEARCH_PATHS = "$(inherited) @executable_path/Frameworks";
				PRODUCT_BUNDLE_IDENTIFIER = davidlee.DLTwitterLaunchAnimation;
				PRODUCT_NAME = "$(TARGET_NAME)";
				TARGETED_DEVICE_FAMILY = "1,2";
			};
			name = Debug;
		};
		6363E80A1F9381AE003C5146 /* Release */ = {
			isa = XCBuildConfiguration;
			buildSettings = {
				ASSETCATALOG_COMPILER_APPICON_NAME = AppIcon;
				CODE_SIGN_STYLE = Automatic;
				DEVELOPMENT_TEAM = LN7UHJEGQE;
				INFOPLIST_FILE = DLTwitterLaunchAnimation/Info.plist;
				LD_RUNPATH_SEARCH_PATHS = "$(inherited) @executable_path/Frameworks";
				PRODUCT_BUNDLE_IDENTIFIER = davidlee.DLTwitterLaunchAnimation;
				PRODUCT_NAME = "$(TARGET_NAME)";
				TARGETED_DEVICE_FAMILY = "1,2";
			};
			name = Release;
		};
/* End XCBuildConfiguration section */

/* Begin XCConfigurationList section */
		6363E7ED1F9381AE003C5146 /* Build configuration list for PBXProject "DLTwitterLaunchAnimation" */ = {
			isa = XCConfigurationList;
			buildConfigurations = (
				6363E8061F9381AE003C5146 /* Debug */,
				6363E8071F9381AE003C5146 /* Release */,
			);
			defaultConfigurationIsVisible = 0;
			defaultConfigurationName = Release;
		};
		6363E8081F9381AE003C5146 /* Build configuration list for PBXNativeTarget "DLTwitterLaunchAnimation" */ = {
			isa = XCConfigurationList;
			buildConfigurations = (
				6363E8091F9381AE003C5146 /* Debug */,
				6363E80A1F9381AE003C5146 /* Release */,
			);
			defaultConfigurationIsVisible = 0;
			defaultConfigurationName = Release;
		};
/* End XCConfigurationList section */
	};
	rootObject = 6363E7EA1F9381AE003C5146 /* Project object */;
}
